
Microsoft Visual Studio Solution File, Format Version 12.00
# Visual Studio Version 17
VisualStudioVersion = 17.5.33516.290
MinimumVisualStudioVersion = 10.0.40219.1
Project("{FAE04EC0-301F-11D3-BF4B-00C04F79EFBC}") = "B11_B", "B11_B\B11_B.csproj", "{A35FAB44-4D98-4973-9E1A-FA4C5549B4AA}"
EndProject
Global
	GlobalSection(SolutionConfigurationPlatforms) = preSolution
		Debug|Any CPU = Debug|Any CPU
		Release|Any CPU = Release|Any CPU
	EndGlobalSection
	GlobalSection(ProjectConfigurationPlatforms) = postSolution
		{A35FAB44-4D98-4973-9E1A-FA4C5549B4AA}.Debug|Any CPU.ActiveCfg = Debug|Any CPU
		{A35FAB44-4D98-4973-9E1A-FA4C5549B4AA}.Debug|Any CPU.Build.0 = Debug|Any CPU
		{A35FAB44-4D98-4973-9E1A-FA4C5549B4AA}.Release|Any CPU.ActiveCfg = Release|Any CPU
		{A35FAB44-4D98-4973-9E1A-FA4C5549B4AA}.Release|Any CPU.Build.0 = Release|Any CPU
	EndGlobalSection
	GlobalSection(SolutionProperties) = preSolution
		HideSolutionNode = FALSE
	EndGlobalSection
	GlobalSection(ExtensibilityGlobals) = postSolution
		SolutionGuid = {547C37A1-FA0B-4888-ADD2-55B6E87F52E0}
	EndGlobalSection
EndGlobal
